# This file is autogenerated, do not edit; changes may be undone by the next 'dep ensure'.


[[projects]]
  branch = "master"
  digest = "1:38beba9afeb613a2a1504b118165c1a6caea134160c969980427952c7a475f44"
  name = "github.com/KyleBanks/depth"
  packages = ["."]
  pruneopts = "UT"
  revision = "b7f67b6d8d5f169cc58aa195df333dc0b353d6b3"

[[projects]]
  branch = "master"
  digest = "1:a2682518d905d662d984ef9959984ef87cecb777d379bfa9d9fe40e78069b3e4"
  name = "github.com/PuerkitoBio/purell"
  packages = ["."]
  pruneopts = "UT"
  revision = "44968752391892e1b0d0b821ee79e9a85fa13049"

[[projects]]
  branch = "master"
  digest = "1:c739832d67eb1e9cc478a19cc1a1ccd78df0397bf8a32978b759152e205f644b"
  name = "github.com/PuerkitoBio/urlesc"
  packages = ["."]
  pruneopts = "UT"
  revision = "de5bf2ad457846296e2031421a34e2568e304e35"

[[projects]]
  branch = "master"
  digest = "1:8ef5ecea9cd37f4af46d8660a0fc6ee6f4e27b54509ce3b203d851fd9f0e152b"
  name = "github.com/Unknwon/com"
  packages = ["."]
  pruneopts = "UT"
  revision = "757f69c95f3e6e3ef823a57bfc3b4ca50804523e"

[[projects]]
  branch = "master"
  digest = "1:125f098c5294814b5d9ce2194f03a435c35a6208f029e61681bed9a893d68133"
  name = "github.com/alecthomas/template"
  packages = [
    ".",
    "parse",
  ]
  pruneopts = "UT"
  revision = "fb15b899a75114aa79cc930e33c46b577cc664b1"

[[projects]]
  branch = "develop"
  digest = "1:6e8ddcf89b14452805846a0742d4a7e9c6ed060dac8abcec6c0344ff4d3d23dd"
  name = "github.com/astaxie/beego"
  packages = ["validation"]
  pruneopts = "UT"
  revision = "562060841891249173c5f155de5b473a0797d8eb"

[[projects]]
  branch = "master"
  digest = "1:155ca6abe1f334b4d5a9f3bc2452f89eda8a785c3c4d395d9ebb039a503592d1"
  name = "github.com/dgrijalva/jwt-go"
  packages = ["."]
  pruneopts = "UT"
  revision = "5e25c22bd5d6de03265bbe5462dcd162f85046f6"

[[projects]]
  branch = "master"
  digest = "1:0ae01c9e122d522c729f55986d052983d7e813f3e82a32b887374906a286e7de"
  name = "github.com/fvbock/endless"
  packages = ["."]
  pruneopts = "UT"
  revision = "447134032cb6a86814f570257390a379982dfc61"

[[projects]]
  branch = "master"
  digest = "1:3ee1d175a75b911a659fbd860060874c4f503e793c5870d13e5a0ede529a63cf"
  name = "github.com/gin-contrib/sse"
  packages = ["."]
  pruneopts = "UT"
  revision = "54d8467d122d380a14768b6b4e5cd7ca4755938f"

[[projects]]
  branch = "master"
  digest = "1:c292bd7bdca290472ec9a0e58a3c116bc5594fd408e4d97869b7bbd8ae5f8398"
  name = "github.com/gin-gonic/gin"
  packages = [
    ".",
    "binding",
    "internal/json",
    "render",
  ]
  pruneopts = "UT"
  revision = "5612cadb73b7f2415047e18f15824ed3855feac9"

[[projects]]
  branch = "master"
  digest = "1:b7fd091e8fb7e74d62be9e512724471fc4c5e4220ce66f6b6d56c105b7460e0a"
  name = "github.com/go-openapi/jsonpointer"
  packages = ["."]
  pruneopts = "UT"
  revision = "a67b0cdac37a3489417baf74a7c7802673395a2d"

[[projects]]
  branch = "master"
  digest = "1:8b54a5c13b78b966644a9887433794034c14993a89ac93d532c587fc22d7f6bf"
  name = "github.com/go-openapi/jsonreference"
  packages = ["."]
  pruneopts = "UT"
  revision = "2903bfd4bfbaf188694f1edf731f2725a8fa344f"

[[projects]]
  branch = "master"
  digest = "1:b1f97d0d316f90c2059f7bfee14855c314d65834a3b93f02856e01c1fb8fbebe"
  name = "github.com/go-openapi/spec"
  packages = ["."]
  pruneopts = "UT"
  revision = "bdfd7e07daecc404d77868a88b2364d0aed0ee5a"

[[projects]]
  branch = "master"
  digest = "1:2de91ae845491f7158c1644a1183d2bbcc5a7bd668768b60a91519f848603dad"
  name = "github.com/go-openapi/swag"
  packages = ["."]
  pruneopts = "UT"
  revision = "de649ffb9e02183a414820c5b1b4582f7b009792"

[[projects]]
  branch = "master"
  digest = "1:783d985ffb1affe60a210e8620e25a8cd41475940ce19a3a7bab25c795b899fe"
  name = "github.com/go-sql-driver/mysql"
  packages = ["."]
  pruneopts = "UT"
  revision = "877a9775f06853f611fb2d4e817d92479242d1cd"

[[projects]]
  branch = "master"
  digest = "1:d184e7863b37843c28daf4a4dce708d2b753a5e28cba1d7110fe79c4e8dc3986"
  name = "github.com/golang/protobuf"
  packages = ["proto"]
  pruneopts = "UT"
  revision = "4c88cc3f1a34ffade77b79abc53335d1e511f25b"

[[projects]]
  branch = "master"
  digest = "1:09424e4abeba1d2fc80c47c26347a3eed24f9cfd83173131dd048479ca6e041a"
  name = "github.com/jinzhu/gorm"
  packages = ["."]
  pruneopts = "UT"
  revision = "836fb2c19d84dac7b0272958dfb9af7cf0d0ade4"

[[projects]]
  branch = "master"
  digest = "1:01ed62f8f4f574d8aff1d88caee113700a2b44c42351943fa73cc1808f736a50"
  name = "github.com/jinzhu/inflection"
  packages = ["."]
  pruneopts = "UT"
  revision = "f5c5f50e6090ae76a29240b61ae2a90dd810112e"

[[projects]]
  branch = "master"
  digest = "1:709cd2a2c29cc9b89732f6c24846bbb9d6270f28ef5ef2128cc73bd0d6d7bff9"
  name = "github.com/json-iterator/go"
  packages = ["."]
  pruneopts = "UT"
  revision = "27518f6661eba504be5a7a9a9f6d9460d892ade3"

[[projects]]
  branch = "master"
  digest = "1:927762c6729b4e72957ba3310e485ed09cf8451c5a637a52fd016a9fe09e7936"
  name = "github.com/mailru/easyjson"
  packages = [
    "buffer",
    "jlexer",
    "jwriter",
  ]
  pruneopts = "UT"
  revision = "b2ccc519800e761ac8000b95e5d57c80a897ff9e"

[[projects]]
  branch = "master"
  digest = "1:9b90c7639a41697f3d4ad12d7d67dfacc9a7a4a6e0bbfae4fc72d0da57c28871"
  name = "github.com/mattn/go-isatty"
  packages = ["."]
  pruneopts = "UT"
  revision = "da60ac76bf7019a8b005f8dd1ad9d1a0e6434155"

[[projects]]
  digest = "1:33422d238f147d247752996a26574ac48dcf472976eda7f5134015f06bf16563"
  name = "github.com/modern-go/concurrent"
  packages = ["."]
  pruneopts = "UT"
  revision = "bacd9c7ef1dd9b15be4a9909b8ac7a4e313eec94"
  version = "1.0.3"

[[projects]]
  digest = "1:e32bdbdb7c377a07a9a46378290059822efdce5c8d96fe71940d87cb4f918855"
  name = "github.com/modern-go/reflect2"
  packages = ["."]
  pruneopts = "UT"
  revision = "4b7aa43c6742a2c18fdef89dd197aaae7dac7ccd"
  version = "1.0.1"

[[projects]]
  branch = "master"
  digest = "1:ca59af6f6973d02f38392c9188f95d972cc586552dcef9aa44d9bf21bbcfaaa9"
  name = "github.com/swaggo/gin-swagger"
  packages = [
    ".",
    "swaggerFiles",
  ]
  pruneopts = "UT"
  revision = "d488a692749fd254a12d1d1326caa3419953e82d"

[[projects]]
  branch = "master"
  digest = "1:a0ba1113719796118f231abd83b7f08b6b3d773c642805cb447c751551a38c24"
  name = "github.com/swaggo/swag"
  packages = ["."]
  pruneopts = "UT"
  revision = "33a7940e94db154fd3043b9a12c93789924a8fda"

[[projects]]
  branch = "master"
  digest = "1:26cd581fd2bbdf9de3399067854b53504f8868e4e93f73c253152d8a8f4f1170"
  name = "github.com/ugorji/go"
  packages = ["codec"]
  pruneopts = "UT"
  revision = "e118e2d506a6b252f6b85f2e2f2ac1bfed82f1b8"

[[projects]]
  branch = "master"
  digest = "1:b6ef72729a22a7940b82970a0db0e882bb68007f0a762f235a764f35575bfdce"
  name = "golang.org/x/net"
  packages = [
    "context",
    "idna",
    "webdav",
    "webdav/internal/xml",
  ]
  pruneopts = "UT"
  revision = "ca1201d0de80cfde86cb01aea620983605dfe99b"

[[projects]]
  branch = "master"
  digest = "1:47844666be86089349a441f5f0ece22f42a87a8cb8c9a31294c593f43209ad19"
  name = "golang.org/x/sys"
  packages = ["unix"]
  pruneopts = "UT"
  revision = "fde4db37ae7ad8191b03d30d27f258b5291ae4e3"

[[projects]]
  branch = "master"
  digest = "1:66a2f252a58b4fbbad0e4e180e1d85a83c222b6bce09c3dcdef3dc87c72eda7c"
  name = "golang.org/x/text"
  packages = [
    "collate",
    "collate/build",
    "internal/colltab",
    "internal/gen",
    "internal/language",
    "internal/language/compact",
    "internal/tag",
    "internal/triegen",
    "internal/ucd",
    "language",
    "secure/bidirule",
    "transform",
    "unicode/bidi",
    "unicode/cldr",
    "unicode/norm",
    "unicode/rangetable",
    "width",
  ]
  pruneopts = "UT"
  revision = "342b2e1fbaa52c93f31447ad2c6abc048c63e475"

[[projects]]
  branch = "master"
  digest = "1:fe769389c160ff12b5eb8e6fcdbb8912fc70bafbbdc12e8a83aa438e45041f54"
  name = "golang.org/x/tools"
  packages = [
    "go/ast/astutil",
    "go/buildutil",
    "go/internal/cgo",
    "go/loader",
  ]
  pruneopts = "UT"
  revision = "6d4652c779c4add9e1a69db058dabafddba21c37"

[[projects]]
  digest = "1:c25289f43ac4a68d88b02245742347c94f1e108c534dda442188015ff80669b3"
  name = "google.golang.org/appengine"
  packages = ["cloudsql"]
  pruneopts = "UT"
  revision = "b2f4a3cf3c67576a2ee09e1fe62656a5086ce880"
  version = "v1.6.1"

[[projects]]
  branch = "master"
  digest = "1:cbc72c4c4886a918d6ab4b95e347ffe259846260f99ebdd8a198c2331cf2b2e9"
  name = "gopkg.in/go-playground/validator.v8"
  packages = ["."]
  pruneopts = "UT"
  revision = "5f1438d3fca68893a817e4a66806cea46a9e4ebf"

[[projects]]
  branch = "master"
  digest = "1:6c56c50b13fd3cb33b692b264727c1c89198274f5dcabaa077e3b2472037e0f9"
  name = "gopkg.in/ini.v1"
  packages = ["."]
  pruneopts = "UT"
  revision = "d4cae42d398bc0095297fc3315669590d29166ea"

[[projects]]
  branch = "master"
  digest = "1:4d2e5a73dc1500038e504a8d78b986630e3626dc027bc030ba5c75da257cdb96"
  name = "gopkg.in/yaml.v2"
  packages = ["."]
  pruneopts = "UT"
  revision = "51d6538a90f86fe93ac480b35f37b2be17fef232"

[solve-meta]
  analyzer-name = "dep"
  analyzer-version = 1
  input-imports = [
    "github.com/Unknwon/com",
    "github.com/alecthomas/template",
    "github.com/astaxie/beego/validation",
    "github.com/dgrijalva/jwt-go",
    "github.com/fvbock/endless",
    "github.com/gin-gonic/gin",
    "github.com/go-sql-driver/mysql",
    "github.com/jinzhu/gorm",
    "github.com/swaggo/gin-swagger",
    "github.com/swaggo/gin-swagger/swaggerFiles",
    "github.com/swaggo/swag",
    "gopkg.in/ini.v1",
  ]
  solver-name = "gps-cdcl"
  solver-version = 1
